
Microsoft Visual Studio Solution File, Format Version 12.00
# Visual Studio Version 16
VisualStudioVersion = 16.0.33130.400
MinimumVisualStudioVersion = 10.0.40219.1
Project("{FAE04EC0-301F-11D3-BF4B-00C04F79EFBC}") = "1st Web App", "1st Web App\1st Web App.csproj", "{F256B160-3B3A-42E1-B212-8BABE8008A10}"
EndProject
Global
	GlobalSection(SolutionConfigurationPlatforms) = preSolution
		Debug|Any CPU = Debug|Any CPU
		Release|Any CPU = Release|Any CPU
	EndGlobalSection
	GlobalSection(ProjectConfigurationPlatforms) = postSolution
		{F256B160-3B3A-42E1-B212-8BABE8008A10}.Debug|Any CPU.ActiveCfg = Debug|Any CPU
		{F256B160-3B3A-42E1-B212-8BABE8008A10}.Debug|Any CPU.Build.0 = Debug|Any CPU
		{F256B160-3B3A-42E1-B212-8BABE8008A10}.Release|Any CPU.ActiveCfg = Release|Any CPU
		{F256B160-3B3A-42E1-B212-8BABE8008A10}.Release|Any CPU.Build.0 = Release|Any CPU
	EndGlobalSection
	GlobalSection(SolutionProperties) = preSolution
		HideSolutionNode = FALSE
	EndGlobalSection
	GlobalSection(ExtensibilityGlobals) = postSolution
		SolutionGuid = {8A21D677-E0EF-4958-A1F0-7E990093F3BB}
	EndGlobalSection
EndGlobal
